
Microsoft Visual Studio Solution File, Format Version 12.00
# Visual Studio 14
VisualStudioVersion = 14.0.23107.0
MinimumVisualStudioVersion = 10.0.40219.1
Project("{2150E333-8FDC-42A3-9474-1A3956D46DE8}") = "0 Common", "0 Common", "{818A5764-F774-4157-BB88-DDB071A40B22}"
EndProject
Project("{2150E333-8FDC-42A3-9474-1A3956D46DE8}") = "1 Presentation", "1 Presentation", "{24AD5689-7077-40FE-8273-A7D3BB462E73}"
EndProject
Project("{2150E333-8FDC-42A3-9474-1A3956D46DE8}") = "2 Service", "2 Service", "{CB36622A-AAA0-47FE-AC65-F0677D29956A}"
EndProject
Project("{2150E333-8FDC-42A3-9474-1A3956D46DE8}") = "3 BLL", "3 BLL", "{7CD2B725-9992-450A-A91E-3EE881BE303F}"
EndProject
Project("{2150E333-8FDC-42A3-9474-1A3956D46DE8}") = "4 DAL", "4 DAL", "{59A9FB34-BED0-41DA-B8AF-6062B7F36682}"
EndProject
Project("{2150E333-8FDC-42A3-9474-1A3956D46DE8}") = "5 Test", "5 Test", "{D48A9733-5CF6-4C20-AFD8-7F4EB9FAFBDC}"
EndProject
Project("{FAE04EC0-301F-11D3-BF4B-00C04F79EFBC}") = "OpenQbit.Institute.Common.Models", "OpenQbit.Institute.Common.Models\OpenQbit.Institute.Common.Models.csproj", "{F881013F-CFC1-496C-B575-83C9A7886D30}"
EndProject
Project("{FAE04EC0-301F-11D3-BF4B-00C04F79EFBC}") = "OpenQbit.Institute.DAL.DataAccess", "OpenQbit.Institute.DAL.DataAccess\OpenQbit.Institute.DAL.DataAccess.csproj", "{01BA2EC5-D264-4275-9808-A8C84992BA14}"
EndProject
Project("{FAE04EC0-301F-11D3-BF4B-00C04F79EFBC}") = "OpenQbit.Institute.BLL.InstituteService1", "OpenQbit.Institute.BLL.InstituteService1\OpenQbit.Institute.BLL.InstituteService1.csproj", "{516C1399-ECED-475C-B6A4-3CB88966000D}"
EndProject
Project("{2150E333-8FDC-42A3-9474-1A3956D46DE8}") = "Utils", "Utils", "{BA6FA7B4-1091-422F-B8F3-0838AAC72638}"
EndProject
Project("{FAE04EC0-301F-11D3-BF4B-00C04F79EFBC}") = "OpenQbit.Institute.Common.Utils.Logs", "OpenQbit.Institute.Common.Utils.Log\OpenQbit.Institute.Common.Utils.Logs.csproj", "{1AAD4DA1-0CA6-4D33-8CD6-B854061C2DF4}"
EndProject
Project("{FAE04EC0-301F-11D3-BF4B-00C04F79EFBC}") = "OpenQbit.Institute.Common.Ioc", "OpenQbit.Institute.Common.Ioc\OpenQbit.Institute.Common.Ioc.csproj", "{2F09DB60-B93F-4BB0-B43E-FBFF2CB90E87}"
EndProject
Project("{FAE04EC0-301F-11D3-BF4B-00C04F79EFBC}") = "OpenQbit.Institute.DAL.DataAccess.Contracts", "OpenQbit.Institute.DAL.DataAccess.Contracts\OpenQbit.Institute.DAL.DataAccess.Contracts.csproj", "{2EBF39A5-3A4E-4333-A1D1-50C3300D8EA6}"
EndProject
Project("{FAE04EC0-301F-11D3-BF4B-00C04F79EFBC}") = "OpenQbit.Institute.Presentation.WebTest", "OpenQbit.Institute.Presentation.WebTest\OpenQbit.Institute.Presentation.WebTest.csproj", "{1FD0ABC3-831E-4B77-A261-AB2D5CDC1CBB}"
EndProject
Project("{FAE04EC0-301F-11D3-BF4B-00C04F79EFBC}") = "OpenQbit.Institute.BLL.Service.Contracts", "OpenQbit.Institute.BLL.Service.Contracts\OpenQbit.Institute.BLL.Service.Contracts.csproj", "{3BA17049-DB1B-4A3E-B744-40926914D268}"
EndProject
Project("{FAE04EC0-301F-11D3-BF4B-00C04F79EFBC}") = "OpenQbit.Institute.Test.BLL", "OpenQbit.Institute.Test.BLL\OpenQbit.Institute.Test.BLL.csproj", "{8BFDC1D3-061E-4DB2-AFEB-B00C5A268AC9}"
EndProject
Project("{FAE04EC0-301F-11D3-BF4B-00C04F79EFBC}") = "OpenQnit.Institute.Test.WebAPIService.Tests", "OpenQnit.Institute.Test.WebAPIService.Tests\OpenQnit.Institute.Test.WebAPIService.Tests.csproj", "{C0BA7A7A-BB7D-4F52-A419-A639A52369D8}"
EndProject
Project("{FAE04EC0-301F-11D3-BF4B-00C04F79EFBC}") = "OpenQbit.Institute.Test.DAL", "OpenQbit.Institute.Test.DAL\OpenQbit.Institute.Test.DAL.csproj", "{A3173E0B-7A99-4CEA-8601-0E98F82A6175}"
EndProject
Project("{FAE04EC0-301F-11D3-BF4B-00C04F79EFBC}") = "UnitTestProject1", "UnitTestProject1\UnitTestProject1.csproj", "{F8030A5C-E7CC-407E-B706-5682B8F0CCEA}"
EndProject
Global
	GlobalSection(SolutionConfigurationPlatforms) = preSolution
		Debug|Any CPU = Debug|Any CPU
		Release|Any CPU = Release|Any CPU
	EndGlobalSection
	GlobalSection(ProjectConfigurationPlatforms) = postSolution
		{F881013F-CFC1-496C-B575-83C9A7886D30}.Debug|Any CPU.ActiveCfg = Debug|Any CPU
		{F881013F-CFC1-496C-B575-83C9A7886D30}.Debug|Any CPU.Build.0 = Debug|Any CPU
		{F881013F-CFC1-496C-B575-83C9A7886D30}.Release|Any CPU.ActiveCfg = Release|Any CPU
		{F881013F-CFC1-496C-B575-83C9A7886D30}.Release|Any CPU.Build.0 = Release|Any CPU
		{01BA2EC5-D264-4275-9808-A8C84992BA14}.Debug|Any CPU.ActiveCfg = Debug|Any CPU
		{01BA2EC5-D264-4275-9808-A8C84992BA14}.Debug|Any CPU.Build.0 = Debug|Any CPU
		{01BA2EC5-D264-4275-9808-A8C84992BA14}.Release|Any CPU.ActiveCfg = Release|Any CPU
		{01BA2EC5-D264-4275-9808-A8C84992BA14}.Release|Any CPU.Build.0 = Release|Any CPU
		{516C1399-ECED-475C-B6A4-3CB88966000D}.Debug|Any CPU.ActiveCfg = Debug|Any CPU
		{516C1399-ECED-475C-B6A4-3CB88966000D}.Debug|Any CPU.Build.0 = Debug|Any CPU
		{516C1399-ECED-475C-B6A4-3CB88966000D}.Release|Any CPU.ActiveCfg = Release|Any CPU
		{516C1399-ECED-475C-B6A4-3CB88966000D}.Release|Any CPU.Build.0 = Release|Any CPU
		{1AAD4DA1-0CA6-4D33-8CD6-B854061C2DF4}.Debug|Any CPU.ActiveCfg = Debug|Any CPU
		{1AAD4DA1-0CA6-4D33-8CD6-B854061C2DF4}.Debug|Any CPU.Build.0 = Debug|Any CPU
		{1AAD4DA1-0CA6-4D33-8CD6-B854061C2DF4}.Release|Any CPU.ActiveCfg = Release|Any CPU
		{1AAD4DA1-0CA6-4D33-8CD6-B854061C2DF4}.Release|Any CPU.Build.0 = Release|Any CPU
		{2F09DB60-B93F-4BB0-B43E-FBFF2CB90E87}.Debug|Any CPU.ActiveCfg = Debug|Any CPU
		{2F09DB60-B93F-4BB0-B43E-FBFF2CB90E87}.Debug|Any CPU.Build.0 = Debug|Any CPU
		{2F09DB60-B93F-4BB0-B43E-FBFF2CB90E87}.Release|Any CPU.ActiveCfg = Release|Any CPU
		{2F09DB60-B93F-4BB0-B43E-FBFF2CB90E87}.Release|Any CPU.Build.0 = Release|Any CPU
		{2EBF39A5-3A4E-4333-A1D1-50C3300D8EA6}.Debug|Any CPU.ActiveCfg = Debug|Any CPU
		{2EBF39A5-3A4E-4333-A1D1-50C3300D8EA6}.Debug|Any CPU.Build.0 = Debug|Any CPU
		{2EBF39A5-3A4E-4333-A1D1-50C3300D8EA6}.Release|Any CPU.ActiveCfg = Release|Any CPU
		{2EBF39A5-3A4E-4333-A1D1-50C3300D8EA6}.Release|Any CPU.Build.0 = Release|Any CPU
		{1FD0ABC3-831E-4B77-A261-AB2D5CDC1CBB}.Debug|Any CPU.ActiveCfg = Debug|Any CPU
		{1FD0ABC3-831E-4B77-A261-AB2D5CDC1CBB}.Debug|Any CPU.Build.0 = Debug|Any CPU
		{1FD0ABC3-831E-4B77-A261-AB2D5CDC1CBB}.Release|Any CPU.ActiveCfg = Release|Any CPU
		{1FD0ABC3-831E-4B77-A261-AB2D5CDC1CBB}.Release|Any CPU.Build.0 = Release|Any CPU
		{3BA17049-DB1B-4A3E-B744-40926914D268}.Debug|Any CPU.ActiveCfg = Debug|Any CPU
		{3BA17049-DB1B-4A3E-B744-40926914D268}.Debug|Any CPU.Build.0 = Debug|Any CPU
		{3BA17049-DB1B-4A3E-B744-40926914D268}.Release|Any CPU.ActiveCfg = Release|Any CPU
		{3BA17049-DB1B-4A3E-B744-40926914D268}.Release|Any CPU.Build.0 = Release|Any CPU
		{8BFDC1D3-061E-4DB2-AFEB-B00C5A268AC9}.Debug|Any CPU.ActiveCfg = Debug|Any CPU
		{8BFDC1D3-061E-4DB2-AFEB-B00C5A268AC9}.Debug|Any CPU.Build.0 = Debug|Any CPU
		{8BFDC1D3-061E-4DB2-AFEB-B00C5A268AC9}.Release|Any CPU.ActiveCfg = Release|Any CPU
		{8BFDC1D3-061E-4DB2-AFEB-B00C5A268AC9}.Release|Any CPU.Build.0 = Release|Any CPU
		{C0BA7A7A-BB7D-4F52-A419-A639A52369D8}.Debug|Any CPU.ActiveCfg = Debug|Any CPU
		{C0BA7A7A-BB7D-4F52-A419-A639A52369D8}.Debug|Any CPU.Build.0 = Debug|Any CPU
		{C0BA7A7A-BB7D-4F52-A419-A639A52369D8}.Release|Any CPU.ActiveCfg = Release|Any CPU
		{C0BA7A7A-BB7D-4F52-A419-A639A52369D8}.Release|Any CPU.Build.0 = Release|Any CPU
		{A3173E0B-7A99-4CEA-8601-0E98F82A6175}.Debug|Any CPU.ActiveCfg = Debug|Any CPU
		{A3173E0B-7A99-4CEA-8601-0E98F82A6175}.Debug|Any CPU.Build.0 = Debug|Any CPU
		{A3173E0B-7A99-4CEA-8601-0E98F82A6175}.Release|Any CPU.ActiveCfg = Release|Any CPU
		{A3173E0B-7A99-4CEA-8601-0E98F82A6175}.Release|Any CPU.Build.0 = Release|Any CPU
		{F8030A5C-E7CC-407E-B706-5682B8F0CCEA}.Debug|Any CPU.ActiveCfg = Debug|Any CPU
		{F8030A5C-E7CC-407E-B706-5682B8F0CCEA}.Debug|Any CPU.Build.0 = Debug|Any CPU
		{F8030A5C-E7CC-407E-B706-5682B8F0CCEA}.Release|Any CPU.ActiveCfg = Release|Any CPU
		{F8030A5C-E7CC-407E-B706-5682B8F0CCEA}.Release|Any CPU.Build.0 = Release|Any CPU
	EndGlobalSection
	GlobalSection(SolutionProperties) = preSolution
		HideSolutionNode = FALSE
	EndGlobalSection
	GlobalSection(NestedProjects) = preSolution
		{F881013F-CFC1-496C-B575-83C9A7886D30} = {818A5764-F774-4157-BB88-DDB071A40B22}
		{01BA2EC5-D264-4275-9808-A8C84992BA14} = {59A9FB34-BED0-41DA-B8AF-6062B7F36682}
		{516C1399-ECED-475C-B6A4-3CB88966000D} = {7CD2B725-9992-450A-A91E-3EE881BE303F}
		{BA6FA7B4-1091-422F-B8F3-0838AAC72638} = {818A5764-F774-4157-BB88-DDB071A40B22}
		{1AAD4DA1-0CA6-4D33-8CD6-B854061C2DF4} = {BA6FA7B4-1091-422F-B8F3-0838AAC72638}
		{2F09DB60-B93F-4BB0-B43E-FBFF2CB90E87} = {818A5764-F774-4157-BB88-DDB071A40B22}
		{2EBF39A5-3A4E-4333-A1D1-50C3300D8EA6} = {59A9FB34-BED0-41DA-B8AF-6062B7F36682}
		{1FD0ABC3-831E-4B77-A261-AB2D5CDC1CBB} = {24AD5689-7077-40FE-8273-A7D3BB462E73}
		{3BA17049-DB1B-4A3E-B744-40926914D268} = {7CD2B725-9992-450A-A91E-3EE881BE303F}
		{8BFDC1D3-061E-4DB2-AFEB-B00C5A268AC9} = {D48A9733-5CF6-4C20-AFD8-7F4EB9FAFBDC}
		{C0BA7A7A-BB7D-4F52-A419-A639A52369D8} = {D48A9733-5CF6-4C20-AFD8-7F4EB9FAFBDC}
		{A3173E0B-7A99-4CEA-8601-0E98F82A6175} = {D48A9733-5CF6-4C20-AFD8-7F4EB9FAFBDC}
		{F8030A5C-E7CC-407E-B706-5682B8F0CCEA} = {D48A9733-5CF6-4C20-AFD8-7F4EB9FAFBDC}
	EndGlobalSection
EndGlobal
