
Microsoft Visual Studio Solution File, Format Version 12.00
# Visual Studio 14
VisualStudioVersion = 14.0.23107.0
MinimumVisualStudioVersion = 10.0.40219.1
Project("{2150E333-8FDC-42A3-9474-1A3956D46DE8}") = "0 Common", "0 Common", "{818A5764-F774-4157-BB88-DDB071A40B22}"
EndProject
Project("{2150E333-8FDC-42A3-9474-1A3956D46DE8}") = "1 Presentation", "1 Presentation", "{24AD5689-7077-40FE-8273-A7D3BB462E73}"
EndProject
Project("{2150E333-8FDC-42A3-9474-1A3956D46DE8}") = "2 Service", "2 Service", "{CB36622A-AAA0-47FE-AC65-F0677D29956A}"
EndProject
Project("{2150E333-8FDC-42A3-9474-1A3956D46DE8}") = "3 BLL", "3 BLL", "{7CD2B725-9992-450A-A91E-3EE881BE303F}"
EndProject
Project("{2150E333-8FDC-42A3-9474-1A3956D46DE8}") = "4 DAL", "4 DAL", "{59A9FB34-BED0-41DA-B8AF-6062B7F36682}"
EndProject
Project("{2150E333-8FDC-42A3-9474-1A3956D46DE8}") = "5 Test", "5 Test", "{D48A9733-5CF6-4C20-AFD8-7F4EB9FAFBDC}"
EndProject
Project("{FAE04EC0-301F-11D3-BF4B-00C04F79EFBC}") = "OpenQbit.Institute.Common.Models", "OpenQbit.Institute.Common.Models\OpenQbit.Institute.Common.Models.csproj", "{F881013F-CFC1-496C-B575-83C9A7886D30}"
EndProject
Project("{FAE04EC0-301F-11D3-BF4B-00C04F79EFBC}") = "OpenQbit.Institute.DAL.DataAccess", "OpenQbit.Institute.DAL.DataAccess\OpenQbit.Institute.DAL.DataAccess.csproj", "{01BA2EC5-D264-4275-9808-A8C84992BA14}"
EndProject
Project("{FAE04EC0-301F-11D3-BF4B-00C04F79EFBC}") = "OpenQbit.Institute.BLL.InstituteService1", "OpenQbit.Institute.BLL.InstituteService1\OpenQbit.Institute.BLL.InstituteService1.csproj", "{516C1399-ECED-475C-B6A4-3CB88966000D}"
EndProject
Project("{FAE04EC0-301F-11D3-BF4B-00C04F79EFBC}") = "OpenQbit.Institute.Test.DAL", "OpenQbit.Institute.Test.DAL\OpenQbit.Institute.Test.DAL.csproj", "{1EE839E0-06E1-4007-9572-F08379D34557}"
EndProject
Project("{FAE04EC0-301F-11D3-BF4B-00C04F79EFBC}") = "OpenQbit.Institute.BLL.Service.Contracts", "OpenQbit.Institute.BLL.Service.Contracts\OpenQbit.Institute.BLL.Service.Contracts.csproj", "{05B6F3A9-B0BC-4ED8-B6BE-41B8E033C601}"
EndProject
Project("{FAE04EC0-301F-11D3-BF4B-00C04F79EFBC}") = "OpenQbit.Institute.DAL.DataAccess.Contracts", "OpenQbit.Institute.DAL.DataAccess.Contracts\OpenQbit.Institute.DAL.DataAccess.Contracts.csproj", "{1E8E9C81-03F2-47D4-B424-6F1F5A7E77E5}"
EndProject
Project("{FAE04EC0-301F-11D3-BF4B-00C04F79EFBC}") = "OpenQnit.Institute.Test.WebAPIService.Tests", "OpenQnit.Institute.Test.WebAPIService.Tests\OpenQnit.Institute.Test.WebAPIService.Tests.csproj", "{EF31374D-73B9-4B4B-8559-63D756D333ED}"
EndProject
Project("{2150E333-8FDC-42A3-9474-1A3956D46DE8}") = "Utils", "Utils", "{A89C31EE-AA44-4283-91F3-C7786702E762}"
EndProject
Project("{FAE04EC0-301F-11D3-BF4B-00C04F79EFBC}") = "OpenQbit.Institute.Common.Ioc", "OpenQbit.Institute.Common.Ioc\OpenQbit.Institute.Common.Ioc.csproj", "{47E81B9C-8235-4AFD-9AA6-3AC756D98441}"
EndProject
Project("{FAE04EC0-301F-11D3-BF4B-00C04F79EFBC}") = "OpenQbit.Institute.Common.Utils.Logs", "OpenQbit.Institute.Common.Utils.Logs\OpenQbit.Institute.Common.Utils.Logs.csproj", "{ABE08910-3B5B-4ADA-8CBB-B8A3FE517221}"
EndProject
Project("{FAE04EC0-301F-11D3-BF4B-00C04F79EFBC}") = "OpenQbit.Institute.Presentation.WebTest", "OpenQbit.Institute.Presentation.WebTest\OpenQbit.Institute.Presentation.WebTest.csproj", "{1FD0ABC3-831E-4B77-A261-AB2D5CDC1CBB}"
EndProject
Project("{FAE04EC0-301F-11D3-BF4B-00C04F79EFBC}") = "OpenQbit.Institute.Presentation.Web", "OpenQbit.Institute.Presentation.Web\OpenQbit.Institute.Presentation.Web.csproj", "{171926D0-7B31-4301-8FF2-C388B6F38FC4}"
EndProject
Project("{FAE04EC0-301F-11D3-BF4B-00C04F79EFBC}") = "OpenQbit.Institute.Test.BLL", "OpenQbit.Institute.Test.BLL\OpenQbit.Institute.Test.BLL.csproj", "{3CB04A3B-D55F-4484-A26E-00B042008120}"
EndProject
Global
	GlobalSection(SolutionConfigurationPlatforms) = preSolution
		Debug|Any CPU = Debug|Any CPU
		Release|Any CPU = Release|Any CPU
	EndGlobalSection
	GlobalSection(ProjectConfigurationPlatforms) = postSolution
		{F881013F-CFC1-496C-B575-83C9A7886D30}.Debug|Any CPU.ActiveCfg = Debug|Any CPU
		{F881013F-CFC1-496C-B575-83C9A7886D30}.Debug|Any CPU.Build.0 = Debug|Any CPU
		{F881013F-CFC1-496C-B575-83C9A7886D30}.Release|Any CPU.ActiveCfg = Release|Any CPU
		{F881013F-CFC1-496C-B575-83C9A7886D30}.Release|Any CPU.Build.0 = Release|Any CPU
		{01BA2EC5-D264-4275-9808-A8C84992BA14}.Debug|Any CPU.ActiveCfg = Debug|Any CPU
		{01BA2EC5-D264-4275-9808-A8C84992BA14}.Debug|Any CPU.Build.0 = Debug|Any CPU
		{01BA2EC5-D264-4275-9808-A8C84992BA14}.Release|Any CPU.ActiveCfg = Release|Any CPU
		{01BA2EC5-D264-4275-9808-A8C84992BA14}.Release|Any CPU.Build.0 = Release|Any CPU
		{516C1399-ECED-475C-B6A4-3CB88966000D}.Debug|Any CPU.ActiveCfg = Debug|Any CPU
		{516C1399-ECED-475C-B6A4-3CB88966000D}.Debug|Any CPU.Build.0 = Debug|Any CPU
		{516C1399-ECED-475C-B6A4-3CB88966000D}.Release|Any CPU.ActiveCfg = Release|Any CPU
		{516C1399-ECED-475C-B6A4-3CB88966000D}.Release|Any CPU.Build.0 = Release|Any CPU
		{1EE839E0-06E1-4007-9572-F08379D34557}.Debug|Any CPU.ActiveCfg = Debug|Any CPU
		{1EE839E0-06E1-4007-9572-F08379D34557}.Debug|Any CPU.Build.0 = Debug|Any CPU
		{1EE839E0-06E1-4007-9572-F08379D34557}.Release|Any CPU.ActiveCfg = Release|Any CPU
		{1EE839E0-06E1-4007-9572-F08379D34557}.Release|Any CPU.Build.0 = Release|Any CPU
		{05B6F3A9-B0BC-4ED8-B6BE-41B8E033C601}.Debug|Any CPU.ActiveCfg = Debug|Any CPU
		{05B6F3A9-B0BC-4ED8-B6BE-41B8E033C601}.Debug|Any CPU.Build.0 = Debug|Any CPU
		{05B6F3A9-B0BC-4ED8-B6BE-41B8E033C601}.Release|Any CPU.ActiveCfg = Release|Any CPU
		{05B6F3A9-B0BC-4ED8-B6BE-41B8E033C601}.Release|Any CPU.Build.0 = Release|Any CPU
		{1E8E9C81-03F2-47D4-B424-6F1F5A7E77E5}.Debug|Any CPU.ActiveCfg = Debug|Any CPU
		{1E8E9C81-03F2-47D4-B424-6F1F5A7E77E5}.Debug|Any CPU.Build.0 = Debug|Any CPU
		{1E8E9C81-03F2-47D4-B424-6F1F5A7E77E5}.Release|Any CPU.ActiveCfg = Release|Any CPU
		{1E8E9C81-03F2-47D4-B424-6F1F5A7E77E5}.Release|Any CPU.Build.0 = Release|Any CPU
		{EF31374D-73B9-4B4B-8559-63D756D333ED}.Debug|Any CPU.ActiveCfg = Debug|Any CPU
		{EF31374D-73B9-4B4B-8559-63D756D333ED}.Debug|Any CPU.Build.0 = Debug|Any CPU
		{EF31374D-73B9-4B4B-8559-63D756D333ED}.Release|Any CPU.ActiveCfg = Release|Any CPU
		{EF31374D-73B9-4B4B-8559-63D756D333ED}.Release|Any CPU.Build.0 = Release|Any CPU
		{47E81B9C-8235-4AFD-9AA6-3AC756D98441}.Debug|Any CPU.ActiveCfg = Debug|Any CPU
		{47E81B9C-8235-4AFD-9AA6-3AC756D98441}.Debug|Any CPU.Build.0 = Debug|Any CPU
		{47E81B9C-8235-4AFD-9AA6-3AC756D98441}.Release|Any CPU.ActiveCfg = Release|Any CPU
		{47E81B9C-8235-4AFD-9AA6-3AC756D98441}.Release|Any CPU.Build.0 = Release|Any CPU
		{ABE08910-3B5B-4ADA-8CBB-B8A3FE517221}.Debug|Any CPU.ActiveCfg = Debug|Any CPU
		{ABE08910-3B5B-4ADA-8CBB-B8A3FE517221}.Debug|Any CPU.Build.0 = Debug|Any CPU
		{ABE08910-3B5B-4ADA-8CBB-B8A3FE517221}.Release|Any CPU.ActiveCfg = Release|Any CPU
		{ABE08910-3B5B-4ADA-8CBB-B8A3FE517221}.Release|Any CPU.Build.0 = Release|Any CPU
		{1FD0ABC3-831E-4B77-A261-AB2D5CDC1CBB}.Debug|Any CPU.ActiveCfg = Debug|Any CPU
		{1FD0ABC3-831E-4B77-A261-AB2D5CDC1CBB}.Debug|Any CPU.Build.0 = Debug|Any CPU
		{1FD0ABC3-831E-4B77-A261-AB2D5CDC1CBB}.Release|Any CPU.ActiveCfg = Release|Any CPU
		{1FD0ABC3-831E-4B77-A261-AB2D5CDC1CBB}.Release|Any CPU.Build.0 = Release|Any CPU
		{171926D0-7B31-4301-8FF2-C388B6F38FC4}.Debug|Any CPU.ActiveCfg = Debug|Any CPU
		{171926D0-7B31-4301-8FF2-C388B6F38FC4}.Debug|Any CPU.Build.0 = Debug|Any CPU
		{171926D0-7B31-4301-8FF2-C388B6F38FC4}.Release|Any CPU.ActiveCfg = Release|Any CPU
		{171926D0-7B31-4301-8FF2-C388B6F38FC4}.Release|Any CPU.Build.0 = Release|Any CPU
		{3CB04A3B-D55F-4484-A26E-00B042008120}.Debug|Any CPU.ActiveCfg = Debug|Any CPU
		{3CB04A3B-D55F-4484-A26E-00B042008120}.Debug|Any CPU.Build.0 = Debug|Any CPU
		{3CB04A3B-D55F-4484-A26E-00B042008120}.Release|Any CPU.ActiveCfg = Release|Any CPU
		{3CB04A3B-D55F-4484-A26E-00B042008120}.Release|Any CPU.Build.0 = Release|Any CPU
	EndGlobalSection
	GlobalSection(SolutionProperties) = preSolution
		HideSolutionNode = FALSE
	EndGlobalSection
	GlobalSection(NestedProjects) = preSolution
		{F881013F-CFC1-496C-B575-83C9A7886D30} = {818A5764-F774-4157-BB88-DDB071A40B22}
		{01BA2EC5-D264-4275-9808-A8C84992BA14} = {59A9FB34-BED0-41DA-B8AF-6062B7F36682}
		{516C1399-ECED-475C-B6A4-3CB88966000D} = {7CD2B725-9992-450A-A91E-3EE881BE303F}
		{1EE839E0-06E1-4007-9572-F08379D34557} = {D48A9733-5CF6-4C20-AFD8-7F4EB9FAFBDC}
		{05B6F3A9-B0BC-4ED8-B6BE-41B8E033C601} = {7CD2B725-9992-450A-A91E-3EE881BE303F}
		{1E8E9C81-03F2-47D4-B424-6F1F5A7E77E5} = {59A9FB34-BED0-41DA-B8AF-6062B7F36682}
		{EF31374D-73B9-4B4B-8559-63D756D333ED} = {D48A9733-5CF6-4C20-AFD8-7F4EB9FAFBDC}
		{A89C31EE-AA44-4283-91F3-C7786702E762} = {818A5764-F774-4157-BB88-DDB071A40B22}
		{47E81B9C-8235-4AFD-9AA6-3AC756D98441} = {818A5764-F774-4157-BB88-DDB071A40B22}
		{ABE08910-3B5B-4ADA-8CBB-B8A3FE517221} = {A89C31EE-AA44-4283-91F3-C7786702E762}
		{1FD0ABC3-831E-4B77-A261-AB2D5CDC1CBB} = {24AD5689-7077-40FE-8273-A7D3BB462E73}
		{171926D0-7B31-4301-8FF2-C388B6F38FC4} = {24AD5689-7077-40FE-8273-A7D3BB462E73}
		{3CB04A3B-D55F-4484-A26E-00B042008120} = {D48A9733-5CF6-4C20-AFD8-7F4EB9FAFBDC}
	EndGlobalSection
EndGlobal
