
Microsoft Visual Studio Solution File, Format Version 12.00
# Visual Studio 14
VisualStudioVersion = 14.0.23107.0
MinimumVisualStudioVersion = 10.0.40219.1
Project("{2150E333-8FDC-42A3-9474-1A3956D46DE8}") = "0 Common", "0 Common", "{818A5764-F774-4157-BB88-DDB071A40B22}"
EndProject
Project("{2150E333-8FDC-42A3-9474-1A3956D46DE8}") = "1 Presentation", "1 Presentation", "{24AD5689-7077-40FE-8273-A7D3BB462E73}"
EndProject
Project("{2150E333-8FDC-42A3-9474-1A3956D46DE8}") = "2 Service", "2 Service", "{CB36622A-AAA0-47FE-AC65-F0677D29956A}"
EndProject
Project("{2150E333-8FDC-42A3-9474-1A3956D46DE8}") = "3 BLL", "3 BLL", "{7CD2B725-9992-450A-A91E-3EE881BE303F}"
EndProject
Project("{2150E333-8FDC-42A3-9474-1A3956D46DE8}") = "4 DAL", "4 DAL", "{59A9FB34-BED0-41DA-B8AF-6062B7F36682}"
EndProject
Project("{2150E333-8FDC-42A3-9474-1A3956D46DE8}") = "5 Test", "5 Test", "{D48A9733-5CF6-4C20-AFD8-7F4EB9FAFBDC}"
EndProject
Project("{FAE04EC0-301F-11D3-BF4B-00C04F79EFBC}") = "OpenQbit.Institute.Common.Models", "OpenQbit.Institute.Common.Models\OpenQbit.Institute.Common.Models.csproj", "{F881013F-CFC1-496C-B575-83C9A7886D30}"
EndProject
Project("{FAE04EC0-301F-11D3-BF4B-00C04F79EFBC}") = "OpenQbit.Institute.DAL.DataAccess", "OpenQbit.Institute.DAL.DataAccess\OpenQbit.Institute.DAL.DataAccess.csproj", "{01BA2EC5-D264-4275-9808-A8C84992BA14}"
EndProject
Project("{FAE04EC0-301F-11D3-BF4B-00C04F79EFBC}") = "OpenQbit.Institute.BLL.InstituteService", "OpenQbit.Institute.BLL.InstituteService\OpenQbit.Institute.BLL.InstituteService.csproj", "{FD31D7B6-CCD3-483E-A601-385B6F1B9D30}"
EndProject
Project("{FAE04EC0-301F-11D3-BF4B-00C04F79EFBC}") = "OpenQbit.Institute.DAL.DataAccess.Contracts", "OpenQbit.Institute.DAL.DataAccess.Contracts\OpenQbit.Institute.DAL.DataAccess.Contracts.csproj", "{2EBF39A5-3A4E-4333-A1D1-50C3300D8EA6}"
EndProject
Global
	GlobalSection(SolutionConfigurationPlatforms) = preSolution
		Debug|Any CPU = Debug|Any CPU
		Release|Any CPU = Release|Any CPU
	EndGlobalSection
	GlobalSection(ProjectConfigurationPlatforms) = postSolution
		{F881013F-CFC1-496C-B575-83C9A7886D30}.Debug|Any CPU.ActiveCfg = Debug|Any CPU
		{F881013F-CFC1-496C-B575-83C9A7886D30}.Debug|Any CPU.Build.0 = Debug|Any CPU
		{F881013F-CFC1-496C-B575-83C9A7886D30}.Release|Any CPU.ActiveCfg = Release|Any CPU
		{F881013F-CFC1-496C-B575-83C9A7886D30}.Release|Any CPU.Build.0 = Release|Any CPU
		{01BA2EC5-D264-4275-9808-A8C84992BA14}.Debug|Any CPU.ActiveCfg = Debug|Any CPU
		{01BA2EC5-D264-4275-9808-A8C84992BA14}.Debug|Any CPU.Build.0 = Debug|Any CPU
		{01BA2EC5-D264-4275-9808-A8C84992BA14}.Release|Any CPU.ActiveCfg = Release|Any CPU
		{01BA2EC5-D264-4275-9808-A8C84992BA14}.Release|Any CPU.Build.0 = Release|Any CPU
		{FD31D7B6-CCD3-483E-A601-385B6F1B9D30}.Debug|Any CPU.ActiveCfg = Debug|Any CPU
		{FD31D7B6-CCD3-483E-A601-385B6F1B9D30}.Debug|Any CPU.Build.0 = Debug|Any CPU
		{FD31D7B6-CCD3-483E-A601-385B6F1B9D30}.Release|Any CPU.ActiveCfg = Release|Any CPU
		{FD31D7B6-CCD3-483E-A601-385B6F1B9D30}.Release|Any CPU.Build.0 = Release|Any CPU
		{2EBF39A5-3A4E-4333-A1D1-50C3300D8EA6}.Debug|Any CPU.ActiveCfg = Debug|Any CPU
		{2EBF39A5-3A4E-4333-A1D1-50C3300D8EA6}.Debug|Any CPU.Build.0 = Debug|Any CPU
		{2EBF39A5-3A4E-4333-A1D1-50C3300D8EA6}.Release|Any CPU.ActiveCfg = Release|Any CPU
		{2EBF39A5-3A4E-4333-A1D1-50C3300D8EA6}.Release|Any CPU.Build.0 = Release|Any CPU
	EndGlobalSection
	GlobalSection(SolutionProperties) = preSolution
		HideSolutionNode = FALSE
	EndGlobalSection
	GlobalSection(NestedProjects) = preSolution
		{F881013F-CFC1-496C-B575-83C9A7886D30} = {818A5764-F774-4157-BB88-DDB071A40B22}
		{01BA2EC5-D264-4275-9808-A8C84992BA14} = {59A9FB34-BED0-41DA-B8AF-6062B7F36682}
		{FD31D7B6-CCD3-483E-A601-385B6F1B9D30} = {7CD2B725-9992-450A-A91E-3EE881BE303F}
		{2EBF39A5-3A4E-4333-A1D1-50C3300D8EA6} = {59A9FB34-BED0-41DA-B8AF-6062B7F36682}
	EndGlobalSection
EndGlobal
